
Microsoft Visual Studio Solution File, Format Version 12.00
# Visual Studio Version 16
VisualStudioVersion = 16.0.30225.117
MinimumVisualStudioVersion = 10.0.40219.1
Project("{FAE04EC0-301F-11D3-BF4B-00C04F79EFBC}") = "FirstApp", "FirstApp\FirstApp.csproj", "{A5EF78FE-2460-4F6C-9B4D-BA621479E888}"
EndProject
Global
	GlobalSection(SolutionConfigurationPlatforms) = preSolution
		Debug|Any CPU = Debug|Any CPU
		Release|Any CPU = Release|Any CPU
	EndGlobalSection
	GlobalSection(ProjectConfigurationPlatforms) = postSolution
		{A5EF78FE-2460-4F6C-9B4D-BA621479E888}.Debug|Any CPU.ActiveCfg = Debug|Any CPU
		{A5EF78FE-2460-4F6C-9B4D-BA621479E888}.Debug|Any CPU.Build.0 = Debug|Any CPU
		{A5EF78FE-2460-4F6C-9B4D-BA621479E888}.Release|Any CPU.ActiveCfg = Release|Any CPU
		{A5EF78FE-2460-4F6C-9B4D-BA621479E888}.Release|Any CPU.Build.0 = Release|Any CPU
	EndGlobalSection
	GlobalSection(SolutionProperties) = preSolution
		HideSolutionNode = FALSE
	EndGlobalSection
	GlobalSection(ExtensibilityGlobals) = postSolution
		SolutionGuid = {4C02B3CF-B04A-4AF1-BE10-C4C8610A6961}
	EndGlobalSection
EndGlobal
